
Microsoft Visual Studio Solution File, Format Version 12.00
# Visual Studio 15
VisualStudioVersion = 15.0.26730.16
MinimumVisualStudioVersion = 10.0.40219.1
Project("{FAE04EC0-301F-11D3-BF4B-00C04F79EFBC}") = "WebFormsAgility", "WebFormsAgility\WebFormsAgility.csproj", "{153435F7-9982-4A31-9415-1179BC2EF57B}"
EndProject
Global
	GlobalSection(SolutionConfigurationPlatforms) = preSolution
		Debug|Any CPU = Debug|Any CPU
		Release|Any CPU = Release|Any CPU
	EndGlobalSection
	GlobalSection(ProjectConfigurationPlatforms) = postSolution
		{153435F7-9982-4A31-9415-1179BC2EF57B}.Debug|Any CPU.ActiveCfg = Debug|Any CPU
		{153435F7-9982-4A31-9415-1179BC2EF57B}.Debug|Any CPU.Build.0 = Debug|Any CPU
		{153435F7-9982-4A31-9415-1179BC2EF57B}.Release|Any CPU.ActiveCfg = Release|Any CPU
		{153435F7-9982-4A31-9415-1179BC2EF57B}.Release|Any CPU.Build.0 = Release|Any CPU
	EndGlobalSection
	GlobalSection(SolutionProperties) = preSolution
		HideSolutionNode = FALSE
	EndGlobalSection
	GlobalSection(ExtensibilityGlobals) = postSolution
		SolutionGuid = {B98F6901-C979-47B8-BF2C-387AC2A4ADC6}
	EndGlobalSection
EndGlobal
